
Microsoft Visual Studio Solution File, Format Version 12.00
# Visual Studio Version 17
VisualStudioVersion = 17.10.34916.146
MinimumVisualStudioVersion = 10.0.40219.1
Project("{FAE04EC0-301F-11D3-BF4B-00C04F79EFBC}") = "FastUniform2DSampling", "FastUniform2DSampling\FastUniform2DSampling.csproj", "{9AD0EFCB-2748-4D95-A0D7-BFDDD513A03F}"
	ProjectSection(ProjectDependencies) = postProject
		{C257C59A-CE79-44F6-A2B0-65A10D2753F7} = {C257C59A-CE79-44F6-A2B0-65A10D2753F7}
	EndProjectSection
EndProject
Project("{8BC9CEB8-8B4A-11D0-8D11-00A0C91BC942}") = "NativeLib", "NativeLib\NativeLib.vcxproj", "{C257C59A-CE79-44F6-A2B0-65A10D2753F7}"
EndProject
Global
	GlobalSection(SolutionConfigurationPlatforms) = preSolution
		Debug|Any CPU = Debug|Any CPU
		Debug|x64 = Debug|x64
		Debug|x86 = Debug|x86
		Release|Any CPU = Release|Any CPU
		Release|x64 = Release|x64
		Release|x86 = Release|x86
	EndGlobalSection
	GlobalSection(ProjectConfigurationPlatforms) = postSolution
		{9AD0EFCB-2748-4D95-A0D7-BFDDD513A03F}.Debug|Any CPU.ActiveCfg = Debug|Any CPU
		{9AD0EFCB-2748-4D95-A0D7-BFDDD513A03F}.Debug|Any CPU.Build.0 = Debug|Any CPU
		{9AD0EFCB-2748-4D95-A0D7-BFDDD513A03F}.Debug|x64.ActiveCfg = Debug|Any CPU
		{9AD0EFCB-2748-4D95-A0D7-BFDDD513A03F}.Debug|x64.Build.0 = Debug|Any CPU
		{9AD0EFCB-2748-4D95-A0D7-BFDDD513A03F}.Debug|x86.ActiveCfg = Debug|Any CPU
		{9AD0EFCB-2748-4D95-A0D7-BFDDD513A03F}.Debug|x86.Build.0 = Debug|Any CPU
		{9AD0EFCB-2748-4D95-A0D7-BFDDD513A03F}.Release|Any CPU.ActiveCfg = Release|Any CPU
		{9AD0EFCB-2748-4D95-A0D7-BFDDD513A03F}.Release|Any CPU.Build.0 = Release|Any CPU
		{9AD0EFCB-2748-4D95-A0D7-BFDDD513A03F}.Release|x64.ActiveCfg = Release|Any CPU
		{9AD0EFCB-2748-4D95-A0D7-BFDDD513A03F}.Release|x64.Build.0 = Release|Any CPU
		{9AD0EFCB-2748-4D95-A0D7-BFDDD513A03F}.Release|x86.ActiveCfg = Release|Any CPU
		{9AD0EFCB-2748-4D95-A0D7-BFDDD513A03F}.Release|x86.Build.0 = Release|Any CPU
		{C257C59A-CE79-44F6-A2B0-65A10D2753F7}.Debug|Any CPU.ActiveCfg = Debug|x64
		{C257C59A-CE79-44F6-A2B0-65A10D2753F7}.Debug|Any CPU.Build.0 = Debug|x64
		{C257C59A-CE79-44F6-A2B0-65A10D2753F7}.Debug|x64.ActiveCfg = Debug|x64
		{C257C59A-CE79-44F6-A2B0-65A10D2753F7}.Debug|x64.Build.0 = Debug|x64
		{C257C59A-CE79-44F6-A2B0-65A10D2753F7}.Debug|x86.ActiveCfg = Debug|Win32
		{C257C59A-CE79-44F6-A2B0-65A10D2753F7}.Debug|x86.Build.0 = Debug|Win32
		{C257C59A-CE79-44F6-A2B0-65A10D2753F7}.Release|Any CPU.ActiveCfg = Release|x64
		{C257C59A-CE79-44F6-A2B0-65A10D2753F7}.Release|Any CPU.Build.0 = Release|x64
		{C257C59A-CE79-44F6-A2B0-65A10D2753F7}.Release|x64.ActiveCfg = Release|x64
		{C257C59A-CE79-44F6-A2B0-65A10D2753F7}.Release|x64.Build.0 = Release|x64
		{C257C59A-CE79-44F6-A2B0-65A10D2753F7}.Release|x86.ActiveCfg = Release|Win32
		{C257C59A-CE79-44F6-A2B0-65A10D2753F7}.Release|x86.Build.0 = Release|Win32
	EndGlobalSection
	GlobalSection(SolutionProperties) = preSolution
		HideSolutionNode = FALSE
	EndGlobalSection
	GlobalSection(ExtensibilityGlobals) = postSolution
		SolutionGuid = {F6C8F3FF-3F8F-43C3-8E06-064914B69C07}
	EndGlobalSection
EndGlobal
